
Microsoft Visual Studio Solution File, Format Version 12.00
# Visual Studio Version 17
VisualStudioVersion = 17.0.31903.59
MinimumVisualStudioVersion = 10.0.40219.1
Project("{FAE04EC0-301F-11D3-BF4B-00C04F79EFBC}") = "pz_8", "pz_8\pz_8.csproj", "{4E030026-FF10-463B-828D-954236E85C31}"
EndProject
Project("{FAE04EC0-301F-11D3-BF4B-00C04F79EFBC}") = "pz_20", "pz_20\pz_20.csproj", "{70C1F427-9EA2-4CAE-8F2D-CD794A6F87E1}"
EndProject
Project("{FAE04EC0-301F-11D3-BF4B-00C04F79EFBC}") = "pz_3", "pz_3\pz_3.csproj", "{59AEC324-DD14-4219-8CE4-6159A089F23D}"
EndProject
Project("{FAE04EC0-301F-11D3-BF4B-00C04F79EFBC}") = "pz_9", "pz_9\pz_9.csproj", "{05A5EAC4-72D1-4790-9F0E-6B562E2A424E}"
EndProject
Project("{FAE04EC0-301F-11D3-BF4B-00C04F79EFBC}") = "pz_15", "pz_15\pz_15.csproj", "{2990D7E0-40DA-4B16-83FD-97BD3F59EE9F}"
EndProject
Project("{FAE04EC0-301F-11D3-BF4B-00C04F79EFBC}") = "pz_13", "pz_13\pz_13.csproj", "{D7EFE8EA-98AD-4D0D-8E02-08DC10959299}"
EndProject
Project("{FAE04EC0-301F-11D3-BF4B-00C04F79EFBC}") = "pz_14", "pz_14\pz_14.csproj", "{61DE25AB-B270-4A2D-BC04-65CA4C5FE255}"
EndProject
Project("{FAE04EC0-301F-11D3-BF4B-00C04F79EFBC}") = "pz_16", "pz_16\pz_16.csproj", "{05FE529E-BBCE-4917-8BFB-10D8BAE2E46C}"
EndProject
Project("{FAE04EC0-301F-11D3-BF4B-00C04F79EFBC}") = "pz_12", "pz_12\pz_12.csproj", "{6BAC1E67-27F6-42E8-99D4-B6EE2D2C14DF}"
EndProject
Project("{FAE04EC0-301F-11D3-BF4B-00C04F79EFBC}") = "pz_5", "pz_5\pz_5.csproj", "{682BBBA9-628D-469F-8400-6ADD41816B31}"
EndProject
Project("{FAE04EC0-301F-11D3-BF4B-00C04F79EFBC}") = "pz_6", "pz_6\pz_6.csproj", "{0A2A73E7-81E2-4955-BD0D-2A24AE5C1593}"
EndProject
Project("{FAE04EC0-301F-11D3-BF4B-00C04F79EFBC}") = "pz_22", "pz_22\pz_22.csproj", "{97FFC650-D307-4450-BAAB-A55D16DC8B8A}"
EndProject
Project("{FAE04EC0-301F-11D3-BF4B-00C04F79EFBC}") = "pz_10", "pz_10\pz_10.csproj", "{515DB986-AF56-47B7-B9CB-BAD76529EEFD}"
EndProject
Project("{FAE04EC0-301F-11D3-BF4B-00C04F79EFBC}") = "pz_4", "pz_4\pz_4.csproj", "{26D00ECC-A304-4812-8CEF-B5751379A68C}"
EndProject
Global
	GlobalSection(SolutionProperties) = preSolution
		HideSolutionNode = FALSE
	EndGlobalSection
	GlobalSection(SolutionConfigurationPlatforms) = preSolution
		Debug|Any CPU = Debug|Any CPU
		Debug|x64 = Debug|x64
		Debug|x86 = Debug|x86
		Release|Any CPU = Release|Any CPU
		Release|x64 = Release|x64
		Release|x86 = Release|x86
	EndGlobalSection
	GlobalSection(ProjectConfigurationPlatforms) = postSolution
		{4E030026-FF10-463B-828D-954236E85C31}.Debug|Any CPU.ActiveCfg = Debug|Any CPU
		{4E030026-FF10-463B-828D-954236E85C31}.Debug|Any CPU.Build.0 = Debug|Any CPU
		{4E030026-FF10-463B-828D-954236E85C31}.Debug|x64.ActiveCfg = Debug|Any CPU
		{4E030026-FF10-463B-828D-954236E85C31}.Debug|x64.Build.0 = Debug|Any CPU
		{4E030026-FF10-463B-828D-954236E85C31}.Debug|x86.ActiveCfg = Debug|Any CPU
		{4E030026-FF10-463B-828D-954236E85C31}.Debug|x86.Build.0 = Debug|Any CPU
		{4E030026-FF10-463B-828D-954236E85C31}.Release|Any CPU.ActiveCfg = Release|Any CPU
		{4E030026-FF10-463B-828D-954236E85C31}.Release|Any CPU.Build.0 = Release|Any CPU
		{4E030026-FF10-463B-828D-954236E85C31}.Release|x64.ActiveCfg = Release|Any CPU
		{4E030026-FF10-463B-828D-954236E85C31}.Release|x64.Build.0 = Release|Any CPU
		{4E030026-FF10-463B-828D-954236E85C31}.Release|x86.ActiveCfg = Release|Any CPU
		{4E030026-FF10-463B-828D-954236E85C31}.Release|x86.Build.0 = Release|Any CPU
		{70C1F427-9EA2-4CAE-8F2D-CD794A6F87E1}.Debug|Any CPU.ActiveCfg = Debug|Any CPU
		{70C1F427-9EA2-4CAE-8F2D-CD794A6F87E1}.Debug|Any CPU.Build.0 = Debug|Any CPU
		{70C1F427-9EA2-4CAE-8F2D-CD794A6F87E1}.Debug|x64.ActiveCfg = Debug|Any CPU
		{70C1F427-9EA2-4CAE-8F2D-CD794A6F87E1}.Debug|x64.Build.0 = Debug|Any CPU
		{70C1F427-9EA2-4CAE-8F2D-CD794A6F87E1}.Debug|x86.ActiveCfg = Debug|Any CPU
		{70C1F427-9EA2-4CAE-8F2D-CD794A6F87E1}.Debug|x86.Build.0 = Debug|Any CPU
		{70C1F427-9EA2-4CAE-8F2D-CD794A6F87E1}.Release|Any CPU.ActiveCfg = Release|Any CPU
		{70C1F427-9EA2-4CAE-8F2D-CD794A6F87E1}.Release|Any CPU.Build.0 = Release|Any CPU
		{70C1F427-9EA2-4CAE-8F2D-CD794A6F87E1}.Release|x64.ActiveCfg = Release|Any CPU
		{70C1F427-9EA2-4CAE-8F2D-CD794A6F87E1}.Release|x64.Build.0 = Release|Any CPU
		{70C1F427-9EA2-4CAE-8F2D-CD794A6F87E1}.Release|x86.ActiveCfg = Release|Any CPU
		{70C1F427-9EA2-4CAE-8F2D-CD794A6F87E1}.Release|x86.Build.0 = Release|Any CPU
		{59AEC324-DD14-4219-8CE4-6159A089F23D}.Debug|Any CPU.ActiveCfg = Debug|Any CPU
		{59AEC324-DD14-4219-8CE4-6159A089F23D}.Debug|Any CPU.Build.0 = Debug|Any CPU
		{59AEC324-DD14-4219-8CE4-6159A089F23D}.Debug|x64.ActiveCfg = Debug|Any CPU
		{59AEC324-DD14-4219-8CE4-6159A089F23D}.Debug|x64.Build.0 = Debug|Any CPU
		{59AEC324-DD14-4219-8CE4-6159A089F23D}.Debug|x86.ActiveCfg = Debug|Any CPU
		{59AEC324-DD14-4219-8CE4-6159A089F23D}.Debug|x86.Build.0 = Debug|Any CPU
		{59AEC324-DD14-4219-8CE4-6159A089F23D}.Release|Any CPU.ActiveCfg = Release|Any CPU
		{59AEC324-DD14-4219-8CE4-6159A089F23D}.Release|Any CPU.Build.0 = Release|Any CPU
		{59AEC324-DD14-4219-8CE4-6159A089F23D}.Release|x64.ActiveCfg = Release|Any CPU
		{59AEC324-DD14-4219-8CE4-6159A089F23D}.Release|x64.Build.0 = Release|Any CPU
		{59AEC324-DD14-4219-8CE4-6159A089F23D}.Release|x86.ActiveCfg = Release|Any CPU
		{59AEC324-DD14-4219-8CE4-6159A089F23D}.Release|x86.Build.0 = Release|Any CPU
		{05A5EAC4-72D1-4790-9F0E-6B562E2A424E}.Debug|Any CPU.ActiveCfg = Debug|Any CPU
		{05A5EAC4-72D1-4790-9F0E-6B562E2A424E}.Debug|Any CPU.Build.0 = Debug|Any CPU
		{05A5EAC4-72D1-4790-9F0E-6B562E2A424E}.Debug|x64.ActiveCfg = Debug|Any CPU
		{05A5EAC4-72D1-4790-9F0E-6B562E2A424E}.Debug|x64.Build.0 = Debug|Any CPU
		{05A5EAC4-72D1-4790-9F0E-6B562E2A424E}.Debug|x86.ActiveCfg = Debug|Any CPU
		{05A5EAC4-72D1-4790-9F0E-6B562E2A424E}.Debug|x86.Build.0 = Debug|Any CPU
		{05A5EAC4-72D1-4790-9F0E-6B562E2A424E}.Release|Any CPU.ActiveCfg = Release|Any CPU
		{05A5EAC4-72D1-4790-9F0E-6B562E2A424E}.Release|Any CPU.Build.0 = Release|Any CPU
		{05A5EAC4-72D1-4790-9F0E-6B562E2A424E}.Release|x64.ActiveCfg = Release|Any CPU
		{05A5EAC4-72D1-4790-9F0E-6B562E2A424E}.Release|x64.Build.0 = Release|Any CPU
		{05A5EAC4-72D1-4790-9F0E-6B562E2A424E}.Release|x86.ActiveCfg = Release|Any CPU
		{05A5EAC4-72D1-4790-9F0E-6B562E2A424E}.Release|x86.Build.0 = Release|Any CPU
		{2990D7E0-40DA-4B16-83FD-97BD3F59EE9F}.Debug|Any CPU.ActiveCfg = Debug|Any CPU
		{2990D7E0-40DA-4B16-83FD-97BD3F59EE9F}.Debug|Any CPU.Build.0 = Debug|Any CPU
		{2990D7E0-40DA-4B16-83FD-97BD3F59EE9F}.Debug|x64.ActiveCfg = Debug|Any CPU
		{2990D7E0-40DA-4B16-83FD-97BD3F59EE9F}.Debug|x64.Build.0 = Debug|Any CPU
		{2990D7E0-40DA-4B16-83FD-97BD3F59EE9F}.Debug|x86.ActiveCfg = Debug|Any CPU
		{2990D7E0-40DA-4B16-83FD-97BD3F59EE9F}.Debug|x86.Build.0 = Debug|Any CPU
		{2990D7E0-40DA-4B16-83FD-97BD3F59EE9F}.Release|Any CPU.ActiveCfg = Release|Any CPU
		{2990D7E0-40DA-4B16-83FD-97BD3F59EE9F}.Release|Any CPU.Build.0 = Release|Any CPU
		{2990D7E0-40DA-4B16-83FD-97BD3F59EE9F}.Release|x64.ActiveCfg = Release|Any CPU
		{2990D7E0-40DA-4B16-83FD-97BD3F59EE9F}.Release|x64.Build.0 = Release|Any CPU
		{2990D7E0-40DA-4B16-83FD-97BD3F59EE9F}.Release|x86.ActiveCfg = Release|Any CPU
		{2990D7E0-40DA-4B16-83FD-97BD3F59EE9F}.Release|x86.Build.0 = Release|Any CPU
		{D7EFE8EA-98AD-4D0D-8E02-08DC10959299}.Debug|Any CPU.ActiveCfg = Debug|Any CPU
		{D7EFE8EA-98AD-4D0D-8E02-08DC10959299}.Debug|Any CPU.Build.0 = Debug|Any CPU
		{D7EFE8EA-98AD-4D0D-8E02-08DC10959299}.Debug|x64.ActiveCfg = Debug|Any CPU
		{D7EFE8EA-98AD-4D0D-8E02-08DC10959299}.Debug|x64.Build.0 = Debug|Any CPU
		{D7EFE8EA-98AD-4D0D-8E02-08DC10959299}.Debug|x86.ActiveCfg = Debug|Any CPU
		{D7EFE8EA-98AD-4D0D-8E02-08DC10959299}.Debug|x86.Build.0 = Debug|Any CPU
		{D7EFE8EA-98AD-4D0D-8E02-08DC10959299}.Release|Any CPU.ActiveCfg = Release|Any CPU
		{D7EFE8EA-98AD-4D0D-8E02-08DC10959299}.Release|Any CPU.Build.0 = Release|Any CPU
		{D7EFE8EA-98AD-4D0D-8E02-08DC10959299}.Release|x64.ActiveCfg = Release|Any CPU
		{D7EFE8EA-98AD-4D0D-8E02-08DC10959299}.Release|x64.Build.0 = Release|Any CPU
		{D7EFE8EA-98AD-4D0D-8E02-08DC10959299}.Release|x86.ActiveCfg = Release|Any CPU
		{D7EFE8EA-98AD-4D0D-8E02-08DC10959299}.Release|x86.Build.0 = Release|Any CPU
		{61DE25AB-B270-4A2D-BC04-65CA4C5FE255}.Debug|Any CPU.ActiveCfg = Debug|Any CPU
		{61DE25AB-B270-4A2D-BC04-65CA4C5FE255}.Debug|Any CPU.Build.0 = Debug|Any CPU
		{61DE25AB-B270-4A2D-BC04-65CA4C5FE255}.Debug|x64.ActiveCfg = Debug|Any CPU
		{61DE25AB-B270-4A2D-BC04-65CA4C5FE255}.Debug|x64.Build.0 = Debug|Any CPU
		{61DE25AB-B270-4A2D-BC04-65CA4C5FE255}.Debug|x86.ActiveCfg = Debug|Any CPU
		{61DE25AB-B270-4A2D-BC04-65CA4C5FE255}.Debug|x86.Build.0 = Debug|Any CPU
		{61DE25AB-B270-4A2D-BC04-65CA4C5FE255}.Release|Any CPU.ActiveCfg = Release|Any CPU
		{61DE25AB-B270-4A2D-BC04-65CA4C5FE255}.Release|Any CPU.Build.0 = Release|Any CPU
		{61DE25AB-B270-4A2D-BC04-65CA4C5FE255}.Release|x64.ActiveCfg = Release|Any CPU
		{61DE25AB-B270-4A2D-BC04-65CA4C5FE255}.Release|x64.Build.0 = Release|Any CPU
		{61DE25AB-B270-4A2D-BC04-65CA4C5FE255}.Release|x86.ActiveCfg = Release|Any CPU
		{61DE25AB-B270-4A2D-BC04-65CA4C5FE255}.Release|x86.Build.0 = Release|Any CPU
		{05FE529E-BBCE-4917-8BFB-10D8BAE2E46C}.Debug|Any CPU.ActiveCfg = Debug|Any CPU
		{05FE529E-BBCE-4917-8BFB-10D8BAE2E46C}.Debug|Any CPU.Build.0 = Debug|Any CPU
		{05FE529E-BBCE-4917-8BFB-10D8BAE2E46C}.Debug|x64.ActiveCfg = Debug|Any CPU
		{05FE529E-BBCE-4917-8BFB-10D8BAE2E46C}.Debug|x64.Build.0 = Debug|Any CPU
		{05FE529E-BBCE-4917-8BFB-10D8BAE2E46C}.Debug|x86.ActiveCfg = Debug|Any CPU
		{05FE529E-BBCE-4917-8BFB-10D8BAE2E46C}.Debug|x86.Build.0 = Debug|Any CPU
		{05FE529E-BBCE-4917-8BFB-10D8BAE2E46C}.Release|Any CPU.ActiveCfg = Release|Any CPU
		{05FE529E-BBCE-4917-8BFB-10D8BAE2E46C}.Release|Any CPU.Build.0 = Release|Any CPU
		{05FE529E-BBCE-4917-8BFB-10D8BAE2E46C}.Release|x64.ActiveCfg = Release|Any CPU
		{05FE529E-BBCE-4917-8BFB-10D8BAE2E46C}.Release|x64.Build.0 = Release|Any CPU
		{05FE529E-BBCE-4917-8BFB-10D8BAE2E46C}.Release|x86.ActiveCfg = Release|Any CPU
		{05FE529E-BBCE-4917-8BFB-10D8BAE2E46C}.Release|x86.Build.0 = Release|Any CPU
		{6BAC1E67-27F6-42E8-99D4-B6EE2D2C14DF}.Debug|Any CPU.ActiveCfg = Debug|Any CPU
		{6BAC1E67-27F6-42E8-99D4-B6EE2D2C14DF}.Debug|Any CPU.Build.0 = Debug|Any CPU
		{6BAC1E67-27F6-42E8-99D4-B6EE2D2C14DF}.Debug|x64.ActiveCfg = Debug|Any CPU
		{6BAC1E67-27F6-42E8-99D4-B6EE2D2C14DF}.Debug|x64.Build.0 = Debug|Any CPU
		{6BAC1E67-27F6-42E8-99D4-B6EE2D2C14DF}.Debug|x86.ActiveCfg = Debug|Any CPU
		{6BAC1E67-27F6-42E8-99D4-B6EE2D2C14DF}.Debug|x86.Build.0 = Debug|Any CPU
		{6BAC1E67-27F6-42E8-99D4-B6EE2D2C14DF}.Release|Any CPU.ActiveCfg = Release|Any CPU
		{6BAC1E67-27F6-42E8-99D4-B6EE2D2C14DF}.Release|Any CPU.Build.0 = Release|Any CPU
		{6BAC1E67-27F6-42E8-99D4-B6EE2D2C14DF}.Release|x64.ActiveCfg = Release|Any CPU
		{6BAC1E67-27F6-42E8-99D4-B6EE2D2C14DF}.Release|x64.Build.0 = Release|Any CPU
		{6BAC1E67-27F6-42E8-99D4-B6EE2D2C14DF}.Release|x86.ActiveCfg = Release|Any CPU
		{6BAC1E67-27F6-42E8-99D4-B6EE2D2C14DF}.Release|x86.Build.0 = Release|Any CPU
		{682BBBA9-628D-469F-8400-6ADD41816B31}.Debug|Any CPU.ActiveCfg = Debug|Any CPU
		{682BBBA9-628D-469F-8400-6ADD41816B31}.Debug|Any CPU.Build.0 = Debug|Any CPU
		{682BBBA9-628D-469F-8400-6ADD41816B31}.Debug|x64.ActiveCfg = Debug|Any CPU
		{682BBBA9-628D-469F-8400-6ADD41816B31}.Debug|x64.Build.0 = Debug|Any CPU
		{682BBBA9-628D-469F-8400-6ADD41816B31}.Debug|x86.ActiveCfg = Debug|Any CPU
		{682BBBA9-628D-469F-8400-6ADD41816B31}.Debug|x86.Build.0 = Debug|Any CPU
		{682BBBA9-628D-469F-8400-6ADD41816B31}.Release|Any CPU.ActiveCfg = Release|Any CPU
		{682BBBA9-628D-469F-8400-6ADD41816B31}.Release|Any CPU.Build.0 = Release|Any CPU
		{682BBBA9-628D-469F-8400-6ADD41816B31}.Release|x64.ActiveCfg = Release|Any CPU
		{682BBBA9-628D-469F-8400-6ADD41816B31}.Release|x64.Build.0 = Release|Any CPU
		{682BBBA9-628D-469F-8400-6ADD41816B31}.Release|x86.ActiveCfg = Release|Any CPU
		{682BBBA9-628D-469F-8400-6ADD41816B31}.Release|x86.Build.0 = Release|Any CPU
		{0A2A73E7-81E2-4955-BD0D-2A24AE5C1593}.Debug|Any CPU.ActiveCfg = Debug|Any CPU
		{0A2A73E7-81E2-4955-BD0D-2A24AE5C1593}.Debug|Any CPU.Build.0 = Debug|Any CPU
		{0A2A73E7-81E2-4955-BD0D-2A24AE5C1593}.Debug|x64.ActiveCfg = Debug|Any CPU
		{0A2A73E7-81E2-4955-BD0D-2A24AE5C1593}.Debug|x64.Build.0 = Debug|Any CPU
		{0A2A73E7-81E2-4955-BD0D-2A24AE5C1593}.Debug|x86.ActiveCfg = Debug|Any CPU
		{0A2A73E7-81E2-4955-BD0D-2A24AE5C1593}.Debug|x86.Build.0 = Debug|Any CPU
		{0A2A73E7-81E2-4955-BD0D-2A24AE5C1593}.Release|Any CPU.ActiveCfg = Release|Any CPU
		{0A2A73E7-81E2-4955-BD0D-2A24AE5C1593}.Release|Any CPU.Build.0 = Release|Any CPU
		{0A2A73E7-81E2-4955-BD0D-2A24AE5C1593}.Release|x64.ActiveCfg = Release|Any CPU
		{0A2A73E7-81E2-4955-BD0D-2A24AE5C1593}.Release|x64.Build.0 = Release|Any CPU
		{0A2A73E7-81E2-4955-BD0D-2A24AE5C1593}.Release|x86.ActiveCfg = Release|Any CPU
		{0A2A73E7-81E2-4955-BD0D-2A24AE5C1593}.Release|x86.Build.0 = Release|Any CPU
		{97FFC650-D307-4450-BAAB-A55D16DC8B8A}.Debug|Any CPU.ActiveCfg = Debug|Any CPU
		{97FFC650-D307-4450-BAAB-A55D16DC8B8A}.Debug|Any CPU.Build.0 = Debug|Any CPU
		{97FFC650-D307-4450-BAAB-A55D16DC8B8A}.Debug|x64.ActiveCfg = Debug|Any CPU
		{97FFC650-D307-4450-BAAB-A55D16DC8B8A}.Debug|x64.Build.0 = Debug|Any CPU
		{97FFC650-D307-4450-BAAB-A55D16DC8B8A}.Debug|x86.ActiveCfg = Debug|Any CPU
		{97FFC650-D307-4450-BAAB-A55D16DC8B8A}.Debug|x86.Build.0 = Debug|Any CPU
		{97FFC650-D307-4450-BAAB-A55D16DC8B8A}.Release|Any CPU.ActiveCfg = Release|Any CPU
		{97FFC650-D307-4450-BAAB-A55D16DC8B8A}.Release|Any CPU.Build.0 = Release|Any CPU
		{97FFC650-D307-4450-BAAB-A55D16DC8B8A}.Release|x64.ActiveCfg = Release|Any CPU
		{97FFC650-D307-4450-BAAB-A55D16DC8B8A}.Release|x64.Build.0 = Release|Any CPU
		{97FFC650-D307-4450-BAAB-A55D16DC8B8A}.Release|x86.ActiveCfg = Release|Any CPU
		{97FFC650-D307-4450-BAAB-A55D16DC8B8A}.Release|x86.Build.0 = Release|Any CPU
		{515DB986-AF56-47B7-B9CB-BAD76529EEFD}.Debug|Any CPU.ActiveCfg = Debug|Any CPU
		{515DB986-AF56-47B7-B9CB-BAD76529EEFD}.Debug|Any CPU.Build.0 = Debug|Any CPU
		{515DB986-AF56-47B7-B9CB-BAD76529EEFD}.Debug|x64.ActiveCfg = Debug|Any CPU
		{515DB986-AF56-47B7-B9CB-BAD76529EEFD}.Debug|x64.Build.0 = Debug|Any CPU
		{515DB986-AF56-47B7-B9CB-BAD76529EEFD}.Debug|x86.ActiveCfg = Debug|Any CPU
		{515DB986-AF56-47B7-B9CB-BAD76529EEFD}.Debug|x86.Build.0 = Debug|Any CPU
		{515DB986-AF56-47B7-B9CB-BAD76529EEFD}.Release|Any CPU.ActiveCfg = Release|Any CPU
		{515DB986-AF56-47B7-B9CB-BAD76529EEFD}.Release|Any CPU.Build.0 = Release|Any CPU
		{515DB986-AF56-47B7-B9CB-BAD76529EEFD}.Release|x64.ActiveCfg = Release|Any CPU
		{515DB986-AF56-47B7-B9CB-BAD76529EEFD}.Release|x64.Build.0 = Release|Any CPU
		{515DB986-AF56-47B7-B9CB-BAD76529EEFD}.Release|x86.ActiveCfg = Release|Any CPU
		{515DB986-AF56-47B7-B9CB-BAD76529EEFD}.Release|x86.Build.0 = Release|Any CPU
		{26D00ECC-A304-4812-8CEF-B5751379A68C}.Debug|Any CPU.ActiveCfg = Debug|Any CPU
		{26D00ECC-A304-4812-8CEF-B5751379A68C}.Debug|Any CPU.Build.0 = Debug|Any CPU
		{26D00ECC-A304-4812-8CEF-B5751379A68C}.Debug|x64.ActiveCfg = Debug|Any CPU
		{26D00ECC-A304-4812-8CEF-B5751379A68C}.Debug|x64.Build.0 = Debug|Any CPU
		{26D00ECC-A304-4812-8CEF-B5751379A68C}.Debug|x86.ActiveCfg = Debug|Any CPU
		{26D00ECC-A304-4812-8CEF-B5751379A68C}.Debug|x86.Build.0 = Debug|Any CPU
		{26D00ECC-A304-4812-8CEF-B5751379A68C}.Release|Any CPU.ActiveCfg = Release|Any CPU
		{26D00ECC-A304-4812-8CEF-B5751379A68C}.Release|Any CPU.Build.0 = Release|Any CPU
		{26D00ECC-A304-4812-8CEF-B5751379A68C}.Release|x64.ActiveCfg = Release|Any CPU
		{26D00ECC-A304-4812-8CEF-B5751379A68C}.Release|x64.Build.0 = Release|Any CPU
		{26D00ECC-A304-4812-8CEF-B5751379A68C}.Release|x86.ActiveCfg = Release|Any CPU
		{26D00ECC-A304-4812-8CEF-B5751379A68C}.Release|x86.Build.0 = Release|Any CPU
	EndGlobalSection
EndGlobal
